
Microsoft Visual Studio Solution File, Format Version 12.00
# Visual Studio Version 16
VisualStudioVersion = 16.0.29418.71
MinimumVisualStudioVersion = 10.0.40219.1
Project("{2150E333-8FDC-42A3-9474-1A3956D46DE8}") = "Docs", "Docs", "{8456C2E3-F2F2-40C1-9F5F-D51B9C5D1BCC}"
	ProjectSection(SolutionItems) = preProject
		..\..\..\..\der\Downloads\cms.docx = ..\..\..\..\der\Downloads\cms.docx
	EndProjectSection
EndProject
Project("{2150E333-8FDC-42A3-9474-1A3956D46DE8}") = "Src", "Src", "{02CA724B-11E2-44F5-B607-26D00B3D07FA}"
EndProject
Project("{2150E333-8FDC-42A3-9474-1A3956D46DE8}") = "Tests", "Tests", "{EC6CD395-F0D6-4BEC-BA48-2D930BE8A8CB}"
EndProject
Project("{2150E333-8FDC-42A3-9474-1A3956D46DE8}") = "Common", "Common", "{47B83A0F-48FB-4159-9662-A2BA32BC56BB}"
EndProject
Project("{2150E333-8FDC-42A3-9474-1A3956D46DE8}") = "Infrastructure", "Infrastructure", "{AAE850CA-7E05-4DF5-8E84-198DBA63D8AA}"
EndProject
Project("{2150E333-8FDC-42A3-9474-1A3956D46DE8}") = "UI", "UI", "{816D7134-9526-4CE6-A44F-B25EAA92B717}"
EndProject
Project("{9A19103F-16F7-4668-BE54-9A1E7A4F7556}") = "CMS.Common", "CMS.Common\CMS.Common.csproj", "{5AC4C136-8239-45B7-AB76-F1C96715CCBE}"
EndProject
Project("{2150E333-8FDC-42A3-9474-1A3956D46DE8}") = "Core", "Core", "{9FDF21A7-3B7D-4ED4-B219-CFF000DBECFD}"
EndProject
Project("{9A19103F-16F7-4668-BE54-9A1E7A4F7556}") = "CMS.Core", "CMS.Core\CMS.Core.csproj", "{9DA429E0-0529-4885-B5BD-870AD92E23F8}"
EndProject
Project("{9A19103F-16F7-4668-BE54-9A1E7A4F7556}") = "CMS.WebSite", "CMS.WebSite\CMS.WebSite.csproj", "{B14917FB-A20E-45EE-A006-50EBA747FC53}"
EndProject
Project("{2150E333-8FDC-42A3-9474-1A3956D46DE8}") = "Solution Items", "Solution Items", "{2997CB45-2AD8-4A9D-BD3D-9AEF44730D86}"
EndProject
Project("{9A19103F-16F7-4668-BE54-9A1E7A4F7556}") = "CMS.Storage", "CMS.Storage\CMS.Storage.csproj", "{FBB6A5B8-D637-4F37-A24C-72DB3126FD7C}"
EndProject
Project("{9A19103F-16F7-4668-BE54-9A1E7A4F7556}") = "CMS.Api", "CMS.Api\CMS.Api.csproj", "{AE44EA40-DEE9-4703-833B-A66699ADC520}"
EndProject
Project("{FAE04EC0-301F-11D3-BF4B-00C04F79EFBC}") = "CMS.Infrastructure", "CMS.Infrastructure\CMS.Infrastructure.csproj", "{689F6DD3-BBBC-488A-92FF-10B1CB82A5B5}"
EndProject
Global
	GlobalSection(SolutionConfigurationPlatforms) = preSolution
		Debug|Any CPU = Debug|Any CPU
		Release|Any CPU = Release|Any CPU
	EndGlobalSection
	GlobalSection(ProjectConfigurationPlatforms) = postSolution
		{5AC4C136-8239-45B7-AB76-F1C96715CCBE}.Debug|Any CPU.ActiveCfg = Debug|Any CPU
		{5AC4C136-8239-45B7-AB76-F1C96715CCBE}.Debug|Any CPU.Build.0 = Debug|Any CPU
		{5AC4C136-8239-45B7-AB76-F1C96715CCBE}.Release|Any CPU.ActiveCfg = Release|Any CPU
		{5AC4C136-8239-45B7-AB76-F1C96715CCBE}.Release|Any CPU.Build.0 = Release|Any CPU
		{9DA429E0-0529-4885-B5BD-870AD92E23F8}.Debug|Any CPU.ActiveCfg = Debug|Any CPU
		{9DA429E0-0529-4885-B5BD-870AD92E23F8}.Debug|Any CPU.Build.0 = Debug|Any CPU
		{9DA429E0-0529-4885-B5BD-870AD92E23F8}.Release|Any CPU.ActiveCfg = Release|Any CPU
		{9DA429E0-0529-4885-B5BD-870AD92E23F8}.Release|Any CPU.Build.0 = Release|Any CPU
		{B14917FB-A20E-45EE-A006-50EBA747FC53}.Debug|Any CPU.ActiveCfg = Debug|Any CPU
		{B14917FB-A20E-45EE-A006-50EBA747FC53}.Debug|Any CPU.Build.0 = Debug|Any CPU
		{B14917FB-A20E-45EE-A006-50EBA747FC53}.Release|Any CPU.ActiveCfg = Release|Any CPU
		{B14917FB-A20E-45EE-A006-50EBA747FC53}.Release|Any CPU.Build.0 = Release|Any CPU
		{FBB6A5B8-D637-4F37-A24C-72DB3126FD7C}.Debug|Any CPU.ActiveCfg = Debug|Any CPU
		{FBB6A5B8-D637-4F37-A24C-72DB3126FD7C}.Debug|Any CPU.Build.0 = Debug|Any CPU
		{FBB6A5B8-D637-4F37-A24C-72DB3126FD7C}.Release|Any CPU.ActiveCfg = Release|Any CPU
		{FBB6A5B8-D637-4F37-A24C-72DB3126FD7C}.Release|Any CPU.Build.0 = Release|Any CPU
		{AE44EA40-DEE9-4703-833B-A66699ADC520}.Debug|Any CPU.ActiveCfg = Debug|Any CPU
		{AE44EA40-DEE9-4703-833B-A66699ADC520}.Debug|Any CPU.Build.0 = Debug|Any CPU
		{AE44EA40-DEE9-4703-833B-A66699ADC520}.Release|Any CPU.ActiveCfg = Release|Any CPU
		{AE44EA40-DEE9-4703-833B-A66699ADC520}.Release|Any CPU.Build.0 = Release|Any CPU
		{689F6DD3-BBBC-488A-92FF-10B1CB82A5B5}.Debug|Any CPU.ActiveCfg = Debug|Any CPU
		{689F6DD3-BBBC-488A-92FF-10B1CB82A5B5}.Debug|Any CPU.Build.0 = Debug|Any CPU
		{689F6DD3-BBBC-488A-92FF-10B1CB82A5B5}.Release|Any CPU.ActiveCfg = Release|Any CPU
		{689F6DD3-BBBC-488A-92FF-10B1CB82A5B5}.Release|Any CPU.Build.0 = Release|Any CPU
	EndGlobalSection
	GlobalSection(SolutionProperties) = preSolution
		HideSolutionNode = FALSE
	EndGlobalSection
	GlobalSection(NestedProjects) = preSolution
		{47B83A0F-48FB-4159-9662-A2BA32BC56BB} = {02CA724B-11E2-44F5-B607-26D00B3D07FA}
		{AAE850CA-7E05-4DF5-8E84-198DBA63D8AA} = {02CA724B-11E2-44F5-B607-26D00B3D07FA}
		{816D7134-9526-4CE6-A44F-B25EAA92B717} = {02CA724B-11E2-44F5-B607-26D00B3D07FA}
		{5AC4C136-8239-45B7-AB76-F1C96715CCBE} = {47B83A0F-48FB-4159-9662-A2BA32BC56BB}
		{9FDF21A7-3B7D-4ED4-B219-CFF000DBECFD} = {02CA724B-11E2-44F5-B607-26D00B3D07FA}
		{9DA429E0-0529-4885-B5BD-870AD92E23F8} = {9FDF21A7-3B7D-4ED4-B219-CFF000DBECFD}
		{B14917FB-A20E-45EE-A006-50EBA747FC53} = {816D7134-9526-4CE6-A44F-B25EAA92B717}
		{FBB6A5B8-D637-4F37-A24C-72DB3126FD7C} = {AAE850CA-7E05-4DF5-8E84-198DBA63D8AA}
		{AE44EA40-DEE9-4703-833B-A66699ADC520} = {816D7134-9526-4CE6-A44F-B25EAA92B717}
		{689F6DD3-BBBC-488A-92FF-10B1CB82A5B5} = {AAE850CA-7E05-4DF5-8E84-198DBA63D8AA}
	EndGlobalSection
	GlobalSection(ExtensibilityGlobals) = postSolution
		SolutionGuid = {E54FB710-424D-4992-8A9B-19B3FEFB3AE0}
	EndGlobalSection
EndGlobal
