
Microsoft Visual Studio Solution File, Format Version 12.00
# Visual Studio Version 16
VisualStudioVersion = 16.0.29418.71
MinimumVisualStudioVersion = 10.0.40219.1
Project("{FAE04EC0-301F-11D3-BF4B-00C04F79EFBC}") = "CMS.TaskManager", "CMS.TaskManager\CMS.TaskManager.csproj", "{00BA8DE1-98EB-46F2-8635-F9189C91DC05}"
EndProject
Global
	GlobalSection(SolutionConfigurationPlatforms) = preSolution
		Debug|Any CPU = Debug|Any CPU
		Release|Any CPU = Release|Any CPU
	EndGlobalSection
	GlobalSection(ProjectConfigurationPlatforms) = postSolution
		{00BA8DE1-98EB-46F2-8635-F9189C91DC05}.Debug|Any CPU.ActiveCfg = Debug|Any CPU
		{00BA8DE1-98EB-46F2-8635-F9189C91DC05}.Debug|Any CPU.Build.0 = Debug|Any CPU
		{00BA8DE1-98EB-46F2-8635-F9189C91DC05}.Release|Any CPU.ActiveCfg = Release|Any CPU
		{00BA8DE1-98EB-46F2-8635-F9189C91DC05}.Release|Any CPU.Build.0 = Release|Any CPU
	EndGlobalSection
	GlobalSection(SolutionProperties) = preSolution
		HideSolutionNode = FALSE
	EndGlobalSection
	GlobalSection(ExtensibilityGlobals) = postSolution
		SolutionGuid = {F3907ED9-41AD-4582-B0AF-C89F2B54D70F}
	EndGlobalSection
EndGlobal
